// !$*UTF8*$!
{
	archiveVersion = 1;
	classes = {
	};
	objectVersion = 46;
	objects = {

/* Begin PBXBuildFile section */
		4B0DF2501CF9F8D800EFEA72 /* AppDelegate.swift in Sources */ = {isa = PBXBuildFile; fileRef = 4B0DF24F1CF9F8D800EFEA72 /* AppDelegate.swift */; };
		4B0DF2521CF9F8D800EFEA72 /* ViewController.swift in Sources */ = {isa = PBXBuildFile; fileRef = 4B0DF2511CF9F8D800EFEA72 /* ViewController.swift */; };
		4B0DF2551CF9F8D800EFEA72 /* Main.storyboard in Resources */ = {isa = PBXBuildFile; fileRef = 4B0DF2531CF9F8D800EFEA72 /* Main.storyboard */; };
		4B0DF2571CF9F8D800EFEA72 /* Assets.xcassets in Resources */ = {isa = PBXBuildFile; fileRef = 4B0DF2561CF9F8D800EFEA72 /* Assets.xcassets */; };
		4B0DF25A1CF9F8D800EFEA72 /* LaunchScreen.storyboard in Resources */ = {isa = PBXBuildFile; fileRef = 4B0DF2581CF9F8D800EFEA72 /* LaunchScreen.storyboard */; };
		4B0DF2621CF9F8E600EFEA72 /* AVFoundation.framework in Frameworks */ = {isa = PBXBuildFile; fileRef = 4B0DF2611CF9F8E600EFEA72 /* AVFoundation.framework */; };
		4B0DF2661CFA07B400EFEA72 /* FunctionPointer.m in Sources */ = {isa = PBXBuildFile; fileRef = 4B0DF2651CFA07B400EFEA72 /* FunctionPointer.m */; };
/* End PBXBuildFile section */

/* Begin PBXFileReference section */
		4B0DF24C1CF9F8D800EFEA72 /* SoundTest.app */ = {isa = PBXFileReference; explicitFileType = wrapper.application; includeInIndex = 0; path = SoundTest.app; sourceTree = BUILT_PRODUCTS_DIR; };
		4B0DF24F1CF9F8D800EFEA72 /* AppDelegate.swift */ = {isa = PBXFileReference; lastKnownFileType = sourcecode.swift; path = AppDelegate.swift; sourceTree = "<group>"; };
		4B0DF2511CF9F8D800EFEA72 /* ViewController.swift */ = {isa = PBXFileReference; lastKnownFileType = sourcecode.swift; path = ViewController.swift; sourceTree = "<group>"; };
		4B0DF2541CF9F8D800EFEA72 /* Base */ = {isa = PBXFileReference; lastKnownFileType = file.storyboard; name = Base; path = Base.lproj/Main.storyboard; sourceTree = "<group>"; };
		4B0DF2561CF9F8D800EFEA72 /* Assets.xcassets */ = {isa = PBXFileReference; lastKnownFileType = folder.assetcatalog; path = Assets.xcassets; sourceTree = "<group>"; };
		4B0DF2591CF9F8D800EFEA72 /* Base */ = {isa = PBXFileReference; lastKnownFileType = file.storyboard; name = Base; path = Base.lproj/LaunchScreen.storyboard; sourceTree = "<group>"; };
		4B0DF25B1CF9F8D800EFEA72 /* Info.plist */ = {isa = PBXFileReference; lastKnownFileType = text.plist.xml; path = Info.plist; sourceTree = "<group>"; };
		4B0DF2611CF9F8E600EFEA72 /* AVFoundation.framework */ = {isa = PBXFileReference; lastKnownFileType = wrapper.framework; name = AVFoundation.framework; path = System/Library/Frameworks/AVFoundation.framework; sourceTree = SDKROOT; };
		4B0DF2631CFA07B300EFEA72 /* SoundTest-Bridging-Header.h */ = {isa = PBXFileReference; lastKnownFileType = sourcecode.c.h; path = "SoundTest-Bridging-Header.h"; sourceTree = "<group>"; };
		4B0DF2641CFA07B400EFEA72 /* FunctionPointer.h */ = {isa = PBXFileReference; fileEncoding = 4; lastKnownFileType = sourcecode.c.h; path = FunctionPointer.h; sourceTree = "<group>"; };
		4B0DF2651CFA07B400EFEA72 /* FunctionPointer.m */ = {isa = PBXFileReference; fileEncoding = 4; lastKnownFileType = sourcecode.c.objc; path = FunctionPointer.m; sourceTree = "<group>"; };
/* End PBXFileReference section */

/* Begin PBXFrameworksBuildPhase section */
		4B0DF2491CF9F8D800EFEA72 /* Frameworks */ = {
			isa = PBXFrameworksBuildPhase;
			buildActionMask = 2147483647;
			files = (
				4B0DF2621CF9F8E600EFEA72 /* AVFoundation.framework in Frameworks */,
			);
			runOnlyForDeploymentPostprocessing = 0;
		};
/* End PBXFrameworksBuildPhase section */

/* Begin PBXGroup section */
		4B0DF2431CF9F8D800EFEA72 = {
			isa = PBXGroup;
			children = (
				4B0DF2611CF9F8E600EFEA72 /* AVFoundation.framework */,
				4B0DF24E1CF9F8D800EFEA72 /* SoundTest */,
				4B0DF24D1CF9F8D800EFEA72 /* Products */,
			);
			sourceTree = "<group>";
		};
		4B0DF24D1CF9F8D800EFEA72 /* Products */ = {
			isa = PBXGroup;
			children = (
				4B0DF24C1CF9F8D800EFEA72 /* SoundTest.app */,
			);
			name = Products;
			sourceTree = "<group>";
		};
		4B0DF24E1CF9F8D800EFEA72 /* SoundTest */ = {
			isa = PBXGroup;
			children = (
				4B0DF2641CFA07B400EFEA72 /* FunctionPointer.h */,
				4B0DF2651CFA07B400EFEA72 /* FunctionPointer.m */,
				4B0DF24F1CF9F8D800EFEA72 /* AppDelegate.swift */,
				4B0DF2511CF9F8D800EFEA72 /* ViewController.swift */,
				4B0DF2531CF9F8D800EFEA72 /* Main.storyboard */,
				4B0DF2561CF9F8D800EFEA72 /* Assets.xcassets */,
				4B0DF2581CF9F8D800EFEA72 /* LaunchScreen.storyboard */,
				4B0DF25B1CF9F8D800EFEA72 /* Info.plist */,
				4B0DF2631CFA07B300EFEA72 /* SoundTest-Bridging-Header.h */,
			);
			path = SoundTest;
			sourceTree = "<group>";
		};
/* End PBXGroup section */

/* Begin PBXNativeTarget section */
		4B0DF24B1CF9F8D800EFEA72 /* SoundTest */ = {
			isa = PBXNativeTarget;
			buildConfigurationList = 4B0DF25E1CF9F8D800EFEA72 /* Build configuration list for PBXNativeTarget "SoundTest" */;
			buildPhases = (
				4B0DF2481CF9F8D800EFEA72 /* Sources */,
				4B0DF2491CF9F8D800EFEA72 /* Frameworks */,
				4B0DF24A1CF9F8D800EFEA72 /* Resources */,
			);
			buildRules = (
			);
			dependencies = (
			);
			name = SoundTest;
			productName = SoundTest;
			productReference = 4B0DF24C1CF9F8D800EFEA72 /* SoundTest.app */;
			productType = "com.apple.product-type.application";
		};
/* End PBXNativeTarget section */

/* Begin PBXProject section */
		4B0DF2441CF9F8D800EFEA72 /* Project object */ = {
			isa = PBXProject;
			attributes = {
				LastSwiftUpdateCheck = 0730;
				LastUpgradeCheck = 0730;
				ORGANIZATIONNAME = Krimpedance;
				TargetAttributes = {
					4B0DF24B1CF9F8D800EFEA72 = {
						CreatedOnToolsVersion = 7.3.1;
					};
				};
			};
			buildConfigurationList = 4B0DF2471CF9F8D800EFEA72 /* Build configuration list for PBXProject "SoundTest" */;
			compatibilityVersion = "Xcode 3.2";
			developmentRegion = English;
			hasScannedForEncodings = 0;
			knownRegions = (
				en,
				Base,
			);
			mainGroup = 4B0DF2431CF9F8D800EFEA72;
			productRefGroup = 4B0DF24D1CF9F8D800EFEA72 /* Products */;
			projectDirPath = "";
			projectRoot = "";
			targets = (
				4B0DF24B1CF9F8D800EFEA72 /* SoundTest */,
			);
		};
/* End PBXProject section */

/* Begin PBXResourcesBuildPhase section */
		4B0DF24A1CF9F8D800EFEA72 /* Resources */ = {
			isa = PBXResourcesBuildPhase;
			buildActionMask = 2147483647;
			files = (
				4B0DF25A1CF9F8D800EFEA72 /* LaunchScreen.storyboard in Resources */,
				4B0DF2571CF9F8D800EFEA72 /* Assets.xcassets in Resources */,
				4B0DF2551CF9F8D800EFEA72 /* Main.storyboard in Resources */,
			);
			runOnlyForDeploymentPostprocessing = 0;
		};
/* End PBXResourcesBuildPhase section */

/* Begin PBXSourcesBuildPhase section */
		4B0DF2481CF9F8D800EFEA72 /* Sources */ = {
			isa = PBXSourcesBuildPhase;
			buildActionMask = 2147483647;
			files = (
				4B0DF2521CF9F8D800EFEA72 /* ViewController.swift in Sources */,
				4B0DF2501CF9F8D800EFEA72 /* AppDelegate.swift in Sources */,
				4B0DF2661CFA07B400EFEA72 /* FunctionPointer.m in Sources */,
			);
			runOnlyForDeploymentPostprocessing = 0;
		};
/* End PBXSourcesBuildPhase section */

/* Begin PBXVariantGroup section */
		4B0DF2531CF9F8D800EFEA72 /* Main.storyboard */ = {
			isa = PBXVariantGroup;
			children = (
				4B0DF2541CF9F8D800EFEA72 /* Base */,
			);
			name = Main.storyboard;
			sourceTree = "<group>";
		};
		4B0DF2581CF9F8D800EFEA72 /* LaunchScreen.storyboard */ = {
			isa = PBXVariantGroup;
			children = (
				4B0DF2591CF9F8D800EFEA72 /* Base */,
			);
			name = LaunchScreen.storyboard;
			sourceTree = "<group>";
		};
/* End PBXVariantGroup section */

/* Begin XCBuildConfiguration section */
		4B0DF25C1CF9F8D800EFEA72 /* Debug */ = {
			isa = XCBuildConfiguration;
			buildSettings = {
				ALWAYS_SEARCH_USER_PATHS = NO;
				CLANG_ANALYZER_NONNULL = YES;
				CLANG_CXX_LANGUAGE_STANDARD = "gnu++0x";
				CLANG_CXX_LIBRARY = "libc++";
				CLANG_ENABLE_MODULES = YES;
				CLANG_ENABLE_OBJC_ARC = YES;
				CLANG_WARN_BOOL_CONVERSION = YES;
				CLANG_WARN_CONSTANT_CONVERSION = YES;
				CLANG_WARN_DIRECT_OBJC_ISA_USAGE = YES_ERROR;
				CLANG_WARN_EMPTY_BODY = YES;
				CLANG_WARN_ENUM_CONVERSION = YES;
				CLANG_WARN_INT_CONVERSION = YES;
				CLANG_WARN_OBJC_ROOT_CLASS = YES_ERROR;
				CLANG_WARN_UNREACHABLE_CODE = YES;
				CLANG_WARN__DUPLICATE_METHOD_MATCH = YES;
				"CODE_SIGN_IDENTITY[sdk=iphoneos*]" = "iPhone Developer";
				COPY_PHASE_STRIP = NO;
				DEBUG_INFORMATION_FORMAT = dwarf;
				ENABLE_STRICT_OBJC_MSGSEND = YES;
				ENABLE_TESTABILITY = YES;
				GCC_C_LANGUAGE_STANDARD = gnu99;
				GCC_DYNAMIC_NO_PIC = NO;
				GCC_NO_COMMON_BLOCKS = YES;
				GCC_OPTIMIZATION_LEVEL = 0;
				GCC_PREPROCESSOR_DEFINITIONS = (
					"DEBUG=1",
					"$(inherited)",
				);
				GCC_WARN_64_TO_32_BIT_CONVERSION = YES;
				GCC_WARN_ABOUT_RETURN_TYPE = YES_ERROR;
				GCC_WARN_UNDECLARED_SELECTOR = YES;
				GCC_WARN_UNINITIALIZED_AUTOS = YES_AGGRESSIVE;
				GCC_WARN_UNUSED_FUNCTION = YES;
				GCC_WARN_UNUSED_VARIABLE = YES;
				IPHONEOS_DEPLOYMENT_TARGET = 9.3;
				MTL_ENABLE_DEBUG_INFO = YES;
				ONLY_ACTIVE_ARCH = YES;
				SDKROOT = iphoneos;
				SWIFT_OPTIMIZATION_LEVEL = "-Onone";
			};
			name = Debug;
		};
		4B0DF25D1CF9F8D800EFEA72 /* Release */ = {
			isa = XCBuildConfiguration;
			buildSettings = {
				ALWAYS_SEARCH_USER_PATHS = NO;
				CLANG_ANALYZER_NONNULL = YES;
				CLANG_CXX_LANGUAGE_STANDARD = "gnu++0x";
				CLANG_CXX_LIBRARY = "libc++";
				CLANG_ENABLE_MODULES = YES;
				CLANG_ENABLE_OBJC_ARC = YES;
				CLANG_WARN_BOOL_CONVERSION = YES;
				CLANG_WARN_CONSTANT_CONVERSION = YES;
				CLANG_WARN_DIRECT_OBJC_ISA_USAGE = YES_ERROR;
				CLANG_WARN_EMPTY_BODY = YES;
				CLANG_WARN_ENUM_CONVERSION = YES;
				CLANG_WARN_INT_CONVERSION = YES;
				CLANG_WARN_OBJC_ROOT_CLASS = YES_ERROR;
				CLANG_WARN_UNREACHABLE_CODE = YES;
				CLANG_WARN__DUPLICATE_METHOD_MATCH = YES;
				"CODE_SIGN_IDENTITY[sdk=iphoneos*]" = "iPhone Developer";
				COPY_PHASE_STRIP = NO;
				DEBUG_INFORMATION_FORMAT = "dwarf-with-dsym";
				ENABLE_NS_ASSERTIONS = NO;
				ENABLE_STRICT_OBJC_MSGSEND = YES;
				GCC_C_LANGUAGE_STANDARD = gnu99;
				GCC_NO_COMMON_BLOCKS = YES;
				GCC_WARN_64_TO_32_BIT_CONVERSION = YES;
				GCC_WARN_ABOUT_RETURN_TYPE = YES_ERROR;
				GCC_WARN_UNDECLARED_SELECTOR = YES;
				GCC_WARN_UNINITIALIZED_AUTOS = YES_AGGRESSIVE;
				GCC_WARN_UNUSED_FUNCTION = YES;
				GCC_WARN_UNUSED_VARIABLE = YES;
				IPHONEOS_DEPLOYMENT_TARGET = 9.3;
				MTL_ENABLE_DEBUG_INFO = NO;
				SDKROOT = iphoneos;
				VALIDATE_PRODUCT = YES;
			};
			name = Release;
		};
		4B0DF25F1CF9F8D800EFEA72 /* Debug */ = {
			isa = XCBuildConfiguration;
			buildSettings = {
				ASSETCATALOG_COMPILER_APPICON_NAME = AppIcon;
				CLANG_ENABLE_MODULES = YES;
				INFOPLIST_FILE = SoundTest/Info.plist;
				LD_RUNPATH_SEARCH_PATHS = "$(inherited) @executable_path/Frameworks";
				PRODUCT_BUNDLE_IDENTIFIER = jp.mond.krimpedance.SoundTest;
				PRODUCT_NAME = "$(TARGET_NAME)";
				SWIFT_OBJC_BRIDGING_HEADER = "SoundTest/SoundTest-Bridging-Header.h";
				SWIFT_OPTIMIZATION_LEVEL = "-Onone";
			};
			name = Debug;
		};
		4B0DF2601CF9F8D800EFEA72 /* Release */ = {
			isa = XCBuildConfiguration;
			buildSettings = {
				ASSETCATALOG_COMPILER_APPICON_NAME = AppIcon;
				CLANG_ENABLE_MODULES = YES;
				INFOPLIST_FILE = SoundTest/Info.plist;
				LD_RUNPATH_SEARCH_PATHS = "$(inherited) @executable_path/Frameworks";
				PRODUCT_BUNDLE_IDENTIFIER = jp.mond.krimpedance.SoundTest;
				PRODUCT_NAME = "$(TARGET_NAME)";
				SWIFT_OBJC_BRIDGING_HEADER = "SoundTest/SoundTest-Bridging-Header.h";
			};
			name = Release;
		};
/* End XCBuildConfiguration section */

/* Begin XCConfigurationList section */
		4B0DF2471CF9F8D800EFEA72 /* Build configuration list for PBXProject "SoundTest" */ = {
			isa = XCConfigurationList;
			buildConfigurations = (
				4B0DF25C1CF9F8D800EFEA72 /* Debug */,
				4B0DF25D1CF9F8D800EFEA72 /* Release */,
			);
			defaultConfigurationIsVisible = 0;
			defaultConfigurationName = Release;
		};
		4B0DF25E1CF9F8D800EFEA72 /* Build configuration list for PBXNativeTarget "SoundTest" */ = {
			isa = XCConfigurationList;
			buildConfigurations = (
				4B0DF25F1CF9F8D800EFEA72 /* Debug */,
				4B0DF2601CF9F8D800EFEA72 /* Release */,
			);
			defaultConfigurationIsVisible = 0;
		};
/* End XCConfigurationList section */
	};
	rootObject = 4B0DF2441CF9F8D800EFEA72 /* Project object */;
}
